
Microsoft Visual Studio Solution File, Format Version 12.00
# Visual Studio Version 17
VisualStudioVersion = 17.3.32804.467
MinimumVisualStudioVersion = 10.0.40219.1
Project("{9A19103F-16F7-4668-BE54-9A1E7A4F7556}") = "EngineHorsepowerApp", "EngineHorsepowerApp\EngineHorsepowerApp.csproj", "{89F2CAF5-88AF-4645-B5D6-8238A1722C94}"
EndProject
Project("{9A19103F-16F7-4668-BE54-9A1E7A4F7556}") = "EngineHorsepowerApp.Models", "EngineHorsepowerApp.Models\EngineHorsepowerApp.Models.csproj", "{7BA380D4-8889-4318-8564-850852014206}"
EndProject
Global
	GlobalSection(SolutionConfigurationPlatforms) = preSolution
		Debug|Any CPU = Debug|Any CPU
		Release|Any CPU = Release|Any CPU
	EndGlobalSection
	GlobalSection(ProjectConfigurationPlatforms) = postSolution
		{89F2CAF5-88AF-4645-B5D6-8238A1722C94}.Debug|Any CPU.ActiveCfg = Debug|Any CPU
		{89F2CAF5-88AF-4645-B5D6-8238A1722C94}.Debug|Any CPU.Build.0 = Debug|Any CPU
		{89F2CAF5-88AF-4645-B5D6-8238A1722C94}.Release|Any CPU.ActiveCfg = Release|Any CPU
		{89F2CAF5-88AF-4645-B5D6-8238A1722C94}.Release|Any CPU.Build.0 = Release|Any CPU
		{7BA380D4-8889-4318-8564-850852014206}.Debug|Any CPU.ActiveCfg = Debug|Any CPU
		{7BA380D4-8889-4318-8564-850852014206}.Debug|Any CPU.Build.0 = Debug|Any CPU
		{7BA380D4-8889-4318-8564-850852014206}.Release|Any CPU.ActiveCfg = Release|Any CPU
		{7BA380D4-8889-4318-8564-850852014206}.Release|Any CPU.Build.0 = Release|Any CPU
	EndGlobalSection
	GlobalSection(SolutionProperties) = preSolution
		HideSolutionNode = FALSE
	EndGlobalSection
	GlobalSection(ExtensibilityGlobals) = postSolution
		SolutionGuid = {65516618-081D-4D49-9B16-C94E5EBB2125}
	EndGlobalSection
EndGlobal
